
Microsoft Visual Studio Solution File, Format Version 12.00
# Visual Studio 2013
VisualStudioVersion = 12.0.21005.1
MinimumVisualStudioVersion = 10.0.40219.1
Project("{FAE04EC0-301F-11D3-BF4B-00C04F79EFBC}") = "SignalRDemo", "SignalRDemo\SignalRDemo.csproj", "{EBE18303-F211-4EB2-A015-F84F5F217FB2}"
EndProject
Project("{FAE04EC0-301F-11D3-BF4B-00C04F79EFBC}") = "MVC", "MVC\MVC.csproj", "{D77BA3B3-9070-4D91-B362-034403DFF319}"
EndProject
Project("{FAE04EC0-301F-11D3-BF4B-00C04F79EFBC}") = "Model", "Model\Model.csproj", "{20992991-72B4-4DF1-855D-7A6493CD2440}"
EndProject
Global
	GlobalSection(SolutionConfigurationPlatforms) = preSolution
		Debug|Any CPU = Debug|Any CPU
		Release|Any CPU = Release|Any CPU
	EndGlobalSection
	GlobalSection(ProjectConfigurationPlatforms) = postSolution
		{EBE18303-F211-4EB2-A015-F84F5F217FB2}.Debug|Any CPU.ActiveCfg = Debug|Any CPU
		{EBE18303-F211-4EB2-A015-F84F5F217FB2}.Debug|Any CPU.Build.0 = Debug|Any CPU
		{EBE18303-F211-4EB2-A015-F84F5F217FB2}.Release|Any CPU.ActiveCfg = Release|Any CPU
		{EBE18303-F211-4EB2-A015-F84F5F217FB2}.Release|Any CPU.Build.0 = Release|Any CPU
		{D77BA3B3-9070-4D91-B362-034403DFF319}.Debug|Any CPU.ActiveCfg = Debug|Any CPU
		{D77BA3B3-9070-4D91-B362-034403DFF319}.Debug|Any CPU.Build.0 = Debug|Any CPU
		{D77BA3B3-9070-4D91-B362-034403DFF319}.Release|Any CPU.ActiveCfg = Release|Any CPU
		{D77BA3B3-9070-4D91-B362-034403DFF319}.Release|Any CPU.Build.0 = Release|Any CPU
		{20992991-72B4-4DF1-855D-7A6493CD2440}.Debug|Any CPU.ActiveCfg = Debug|Any CPU
		{20992991-72B4-4DF1-855D-7A6493CD2440}.Debug|Any CPU.Build.0 = Debug|Any CPU
		{20992991-72B4-4DF1-855D-7A6493CD2440}.Release|Any CPU.ActiveCfg = Release|Any CPU
		{20992991-72B4-4DF1-855D-7A6493CD2440}.Release|Any CPU.Build.0 = Release|Any CPU
	EndGlobalSection
	GlobalSection(SolutionProperties) = preSolution
		HideSolutionNode = FALSE
	EndGlobalSection
EndGlobal
